{
  "name": "cassandra-persister",
  "version": "1.0.0",
  "lockfileVersion": 1,
  "requires": true,
  "dependencies": {
    "@types/long": {
      "version": "4.0.1",
      "resolved": "http://infynp.ad.infosys.com/repository/npm-group/@types/long/-/long-4.0.1.tgz",
      "integrity": "sha512-5tXH6Bx/kNGd3MgffdmP4dy2Z+G4eaXw0SE81Tq3BNadtnMR5/ySMzX4SLEzHJzSmPNn4HIdpQsBvXMUykr58w=="
    },
    "@types/node": {
      "version": "13.7.7",
      "resolved": "http://infynp.ad.infosys.com/repository/npm-group/@types/node/-/node-13.7.7.tgz",
      "integrity": "sha512-Uo4chgKbnPNlxQwoFmYIwctkQVkMMmsAoGGU4JKwLuvBefF0pCq4FybNSnfkfRCpC7ZW7kttcC/TrRtAJsvGtg=="
    },
    "adm-zip": {
      "version": "0.4.14",
      "resolved": "http://infynp.ad.infosys.com/repository/npm-group/adm-zip/-/adm-zip-0.4.14.tgz",
      "integrity": "sha512-/9aQCnQHF+0IiCl0qhXoK7qs//SwYE7zX8lsr/DNk1BRAHYxeLZPL4pguwK29gUEqasYQjqPtEpDRSWEkdHn9g=="
    },
    "cassandra-driver": {
      "version": "4.4.0",
      "resolved": "http://infynp.ad.infosys.com/repository/npm-group/cassandra-driver/-/cassandra-driver-4.4.0.tgz",
      "integrity": "sha512-YJdGqNaT8VJi1jJKfxS0z6b4px5dHMsclQ3qmxwmVxrSChn/dqy2EVM4L77wQA7DNbdbt/MLtU8JD9N0r2tA0Q==",
      "requires": {
        "@types/long": "^4.0.0",
        "@types/node": ">=8",
        "adm-zip": "^0.4.13",
        "long": "^2.2.0"
      }
    },
    "long": {
      "version": "2.4.0",
      "resolved": "http://infynp.ad.infosys.com/repository/npm-group/long/-/long-2.4.0.tgz",
      "integrity": "sha1-n6GAux2VAM3CnEFWdmoZleH0Uk8="
    }
  }
}
